# @generated - this file is auto-generated by `mise lock` https://mise.jdx.dev/dev-tools/mise-lock.html

[[tools.act]]
version = "0.2.87"
backend = "aqua:nektos/act"

[tools.act."platforms.linux-arm64"]
checksum = "sha256:c17a9fe2428a4824f61248ceb8e93db8de95d9163b0f2651ec5ccea0e6f4edc8"
url = "https://github.com/nektos/act/releases/download/v0.2.87/act_Linux_arm64.tar.gz"

[tools.act."platforms.linux-arm64-musl"]
checksum = "sha256:c17a9fe2428a4824f61248ceb8e93db8de95d9163b0f2651ec5ccea0e6f4edc8"
url = "https://github.com/nektos/act/releases/download/v0.2.87/act_Linux_arm64.tar.gz"

[tools.act."platforms.linux-x64"]
checksum = "sha256:9bbfca7d779f71746233ec65e47fdcb12c4c976c1c97ec085956976fcabee866"
url = "https://github.com/nektos/act/releases/download/v0.2.87/act_Linux_x86_64.tar.gz"

[tools.act."platforms.linux-x64-musl"]
checksum = "sha256:9bbfca7d779f71746233ec65e47fdcb12c4c976c1c97ec085956976fcabee866"
url = "https://github.com/nektos/act/releases/download/v0.2.87/act_Linux_x86_64.tar.gz"

[tools.act."platforms.macos-arm64"]
checksum = "sha256:dab0091c6f8229f955b83e3822aa24375f7a2852279d5a262446361cc3559d88"
url = "https://github.com/nektos/act/releases/download/v0.2.87/act_Darwin_arm64.tar.gz"

[tools.act."platforms.macos-x64"]
checksum = "sha256:41077f98142b02e0bb45b181f57a068f6af86ce887d578a4da1a901b1d8f240a"
url = "https://github.com/nektos/act/releases/download/v0.2.87/act_Darwin_x86_64.tar.gz"

[tools.act."platforms.windows-x64"]
checksum = "sha256:bb7c654b27d79fb98947e22ff846408ef8f93aab90dba6af3656b503b8811966"
url = "https://github.com/nektos/act/releases/download/v0.2.87/act_Windows_x86_64.zip"

[[tools.actionlint]]
version = "1.7.12"
backend = "aqua:rhysd/actionlint"

[tools.actionlint."platforms.linux-arm64"]
checksum = "sha256:325e971b6ba9bfa504672e29be93c24981eeb1c07576d730e9f7c8805afff0c6"
url = "https://github.com/rhysd/actionlint/releases/download/v1.7.12/actionlint_1.7.12_linux_arm64.tar.gz"
provenance = "github-attestations"

[tools.actionlint."platforms.linux-arm64-musl"]
checksum = "sha256:325e971b6ba9bfa504672e29be93c24981eeb1c07576d730e9f7c8805afff0c6"
url = "https://github.com/rhysd/actionlint/releases/download/v1.7.12/actionlint_1.7.12_linux_arm64.tar.gz"
provenance = "github-attestations"

[tools.actionlint."platforms.linux-x64"]
checksum = "sha256:8aca8db96f1b94770f1b0d72b6dddcb1ebb8123cb3712530b08cc387b349a3d8"
url = "https://github.com/rhysd/actionlint/releases/download/v1.7.12/actionlint_1.7.12_linux_amd64.tar.gz"
provenance = "github-attestations"

[tools.actionlint."platforms.linux-x64-musl"]
checksum = "sha256:8aca8db96f1b94770f1b0d72b6dddcb1ebb8123cb3712530b08cc387b349a3d8"
url = "https://github.com/rhysd/actionlint/releases/download/v1.7.12/actionlint_1.7.12_linux_amd64.tar.gz"
provenance = "github-attestations"

[tools.actionlint."platforms.macos-arm64"]
checksum = "sha256:aba9ced2dee8d27fecca3dc7feb1a7f9a52caefa1eb46f3271ea66b6e0e6953f"
url = "https://github.com/rhysd/actionlint/releases/download/v1.7.12/actionlint_1.7.12_darwin_arm64.tar.gz"
provenance = "github-attestations"

[tools.actionlint."platforms.macos-x64"]
checksum = "sha256:5b44c3bc2255115c9b69e30efc0fecdf498fdb63c5d58e17084fd5f16324c644"
url = "https://github.com/rhysd/actionlint/releases/download/v1.7.12/actionlint_1.7.12_darwin_amd64.tar.gz"
provenance = "github-attestations"

[tools.actionlint."platforms.windows-x64"]
checksum = "sha256:6e7241b51e6817ea6a047693d8e6fed13b31819c9a0dd6c5a726e1592d22f6e9"
url = "https://github.com/rhysd/actionlint/releases/download/v1.7.12/actionlint_1.7.12_windows_amd64.zip"
provenance = "github-attestations"

[[tools.gh]]
version = "2.90.0"
backend = "aqua:cli/cli"

[tools.gh."platforms.linux-arm64"]
checksum = "sha256:1139e1ad912fcddb5ef4b957530184c2c30d9937ff65ff4e641fbf6ca5f28c7c"
url = "https://github.com/cli/cli/releases/download/v2.90.0/gh_2.90.0_linux_arm64.tar.gz"
provenance = "github-attestations"

[tools.gh."platforms.linux-arm64-musl"]
checksum = "sha256:1139e1ad912fcddb5ef4b957530184c2c30d9937ff65ff4e641fbf6ca5f28c7c"
url = "https://github.com/cli/cli/releases/download/v2.90.0/gh_2.90.0_linux_arm64.tar.gz"
provenance = "github-attestations"

[tools.gh."platforms.linux-x64"]
checksum = "sha256:b2aef7b23ec6899bf27f37a32c57a7935d0a178568ac33dc9bb03842f724195a"
url = "https://github.com/cli/cli/releases/download/v2.90.0/gh_2.90.0_linux_amd64.tar.gz"
provenance = "github-attestations"

[tools.gh."platforms.linux-x64-musl"]
checksum = "sha256:b2aef7b23ec6899bf27f37a32c57a7935d0a178568ac33dc9bb03842f724195a"
url = "https://github.com/cli/cli/releases/download/v2.90.0/gh_2.90.0_linux_amd64.tar.gz"
provenance = "github-attestations"

[tools.gh."platforms.macos-arm64"]
checksum = "sha256:82a6acdc3f445dc316b70e1bc15b9b7c4b4e26fd30b04de461a7829ad6c6e97f"
url = "https://github.com/cli/cli/releases/download/v2.90.0/gh_2.90.0_macOS_arm64.zip"
provenance = "github-attestations"

[tools.gh."platforms.macos-x64"]
checksum = "sha256:e44d23dd5f0f8534d7a9989177f2c60ac8ffbcdfc6a0a6e5d1f23c4a3b83a9e0"
url = "https://github.com/cli/cli/releases/download/v2.90.0/gh_2.90.0_macOS_amd64.zip"
provenance = "github-attestations"

[tools.gh."platforms.windows-x64"]
checksum = "sha256:73fcae688eb64ae67828536c9be90db1e5be3f11691a6fa1c1e5418fd24ee10b"
url = "https://github.com/cli/cli/releases/download/v2.90.0/gh_2.90.0_windows_amd64.zip"
provenance = "github-attestations"

[[tools.ghalint]]
version = "1.5.5"
backend = "aqua:suzuki-shunsuke/ghalint"

[tools.ghalint."platforms.linux-arm64"]
checksum = "sha256:c3ab464130015d733bfc75a2851f4fc5b3cb966aca2ed8bc0fa2a029bc0ee6af"
url = "https://github.com/suzuki-shunsuke/ghalint/releases/download/v1.5.5/ghalint_1.5.5_linux_arm64.tar.gz"

[tools.ghalint."platforms.linux-arm64".provenance.slsa]
url = "https://github.com/suzuki-shunsuke/ghalint/releases/download/v1.5.5/multiple.intoto.jsonl"

[tools.ghalint."platforms.linux-arm64-musl"]
checksum = "sha256:c3ab464130015d733bfc75a2851f4fc5b3cb966aca2ed8bc0fa2a029bc0ee6af"
url = "https://github.com/suzuki-shunsuke/ghalint/releases/download/v1.5.5/ghalint_1.5.5_linux_arm64.tar.gz"

[tools.ghalint."platforms.linux-arm64-musl".provenance.slsa]
url = "https://github.com/suzuki-shunsuke/ghalint/releases/download/v1.5.5/multiple.intoto.jsonl"

[tools.ghalint."platforms.linux-x64"]
checksum = "sha256:579cbf9024f86a8255ce8acdd56c7792f0f9a7e76063d64cfb7b66ff65c396e4"
url = "https://github.com/suzuki-shunsuke/ghalint/releases/download/v1.5.5/ghalint_1.5.5_linux_amd64.tar.gz"

[tools.ghalint."platforms.linux-x64".provenance.slsa]
url = "https://github.com/suzuki-shunsuke/ghalint/releases/download/v1.5.5/multiple.intoto.jsonl"

[tools.ghalint."platforms.linux-x64-musl"]
checksum = "sha256:579cbf9024f86a8255ce8acdd56c7792f0f9a7e76063d64cfb7b66ff65c396e4"
url = "https://github.com/suzuki-shunsuke/ghalint/releases/download/v1.5.5/ghalint_1.5.5_linux_amd64.tar.gz"

[tools.ghalint."platforms.linux-x64-musl".provenance.slsa]
url = "https://github.com/suzuki-shunsuke/ghalint/releases/download/v1.5.5/multiple.intoto.jsonl"

[tools.ghalint."platforms.macos-arm64"]
checksum = "sha256:db969e288fc788348aa7c1323096d69df28b457c70b4194fb76f14ad058c0be7"
url = "https://github.com/suzuki-shunsuke/ghalint/releases/download/v1.5.5/ghalint_1.5.5_darwin_arm64.tar.gz"

[tools.ghalint."platforms.macos-arm64".provenance.slsa]
url = "https://github.com/suzuki-shunsuke/ghalint/releases/download/v1.5.5/multiple.intoto.jsonl"

[tools.ghalint."platforms.macos-x64"]
checksum = "sha256:ce76aeb46f051d19a618c4e89ae5ca1d37c5a06f1bac3afb261ff619fd33045f"
url = "https://github.com/suzuki-shunsuke/ghalint/releases/download/v1.5.5/ghalint_1.5.5_darwin_amd64.tar.gz"

[tools.ghalint."platforms.macos-x64".provenance.slsa]
url = "https://github.com/suzuki-shunsuke/ghalint/releases/download/v1.5.5/multiple.intoto.jsonl"

[tools.ghalint."platforms.windows-x64"]
checksum = "sha256:58c2589e7455fc05d83a28051f9098984db3fe6294f0f88aedc9691ae25eaff9"
url = "https://github.com/suzuki-shunsuke/ghalint/releases/download/v1.5.5/ghalint_1.5.5_windows_amd64.zip"

[tools.ghalint."platforms.windows-x64".provenance.slsa]
url = "https://github.com/suzuki-shunsuke/ghalint/releases/download/v1.5.5/multiple.intoto.jsonl"

[[tools.hk]]
version = "1.43.0"
backend = "aqua:jdx/hk"

[tools.hk."platforms.linux-arm64"]
checksum = "sha256:f3efa8f95505178bf0ec807ce468b31ada5f7379b9089828487b0c9e67fd67b1"
url = "https://github.com/jdx/hk/releases/download/v1.43.0/hk-aarch64-unknown-linux-gnu.tar.gz"

[tools.hk."platforms.linux-arm64-musl"]
checksum = "sha256:f3efa8f95505178bf0ec807ce468b31ada5f7379b9089828487b0c9e67fd67b1"
url = "https://github.com/jdx/hk/releases/download/v1.43.0/hk-aarch64-unknown-linux-gnu.tar.gz"

[tools.hk."platforms.linux-x64"]
checksum = "sha256:66ecbba59208e591101c83148708363e0b6dc4a5df1d41e0bcdbbdd27788f999"
url = "https://github.com/jdx/hk/releases/download/v1.43.0/hk-x86_64-unknown-linux-gnu.tar.gz"

[tools.hk."platforms.linux-x64-musl"]
checksum = "sha256:66ecbba59208e591101c83148708363e0b6dc4a5df1d41e0bcdbbdd27788f999"
url = "https://github.com/jdx/hk/releases/download/v1.43.0/hk-x86_64-unknown-linux-gnu.tar.gz"

[tools.hk."platforms.macos-arm64"]
checksum = "sha256:7999590e3571b87db3b79b878afd45afc5b7a301c59ee6f28fde0056956e0aeb"
url = "https://github.com/jdx/hk/releases/download/v1.43.0/hk-aarch64-apple-darwin.tar.gz"

[tools.hk."platforms.windows-x64"]
checksum = "sha256:cf053945bb446175fa4ce1f28fd9fcf0d24b4548cf7043cdd869249c1ff69d8d"
url = "https://github.com/jdx/hk/releases/download/v1.43.0/hk-x86_64-pc-windows-msvc.zip"

[[tools.just]]
version = "1.50.0"
backend = "aqua:casey/just"

[tools.just."platforms.linux-arm64"]
checksum = "sha256:3beb4967ce05883cf09ac12d6d128166eb4c6d0b03eff74b61018a6880655d7d"
url = "https://github.com/casey/just/releases/download/1.50.0/just-1.50.0-aarch64-unknown-linux-musl.tar.gz"

[tools.just."platforms.linux-arm64-musl"]
checksum = "sha256:3beb4967ce05883cf09ac12d6d128166eb4c6d0b03eff74b61018a6880655d7d"
url = "https://github.com/casey/just/releases/download/1.50.0/just-1.50.0-aarch64-unknown-linux-musl.tar.gz"

[tools.just."platforms.linux-x64"]
checksum = "sha256:27e011cd6328fadd632e59233d2cf5f18460b8a8c4269acd324c1a8669f34db0"
url = "https://github.com/casey/just/releases/download/1.50.0/just-1.50.0-x86_64-unknown-linux-musl.tar.gz"

[tools.just."platforms.linux-x64-musl"]
checksum = "sha256:27e011cd6328fadd632e59233d2cf5f18460b8a8c4269acd324c1a8669f34db0"
url = "https://github.com/casey/just/releases/download/1.50.0/just-1.50.0-x86_64-unknown-linux-musl.tar.gz"

[tools.just."platforms.macos-arm64"]
checksum = "sha256:891262207663bff1aa422dbe799a76deae4064eaa445f14eb28aef7a388222cd"
url = "https://github.com/casey/just/releases/download/1.50.0/just-1.50.0-aarch64-apple-darwin.tar.gz"

[tools.just."platforms.macos-x64"]
checksum = "sha256:e4fa28fe63381ca32fad101e86d4a1da7cd2d34d1b080985a37ec9dc951922fe"
url = "https://github.com/casey/just/releases/download/1.50.0/just-1.50.0-x86_64-apple-darwin.tar.gz"

[tools.just."platforms.windows-x64"]
checksum = "sha256:5dc713f049e174e22de41fd06292a26c9b90f2d37c1be9390d2082fe6928b376"
url = "https://github.com/casey/just/releases/download/1.50.0/just-1.50.0-x86_64-pc-windows-msvc.zip"

[[tools.pkl]]
version = "0.31.1"
backend = "aqua:apple/pkl"

[tools.pkl."platforms.linux-arm64"]
checksum = "sha256:7ef10e743daa921fb94ae7bdb9ec6986f362bf250c55814b9ea2aeb13f2d083e"
url = "https://github.com/apple/pkl/releases/download/0.31.1/pkl-linux-aarch64"

[tools.pkl."platforms.linux-arm64-musl"]
checksum = "sha256:7ef10e743daa921fb94ae7bdb9ec6986f362bf250c55814b9ea2aeb13f2d083e"
url = "https://github.com/apple/pkl/releases/download/0.31.1/pkl-linux-aarch64"

[tools.pkl."platforms.linux-x64"]
checksum = "sha256:618f13955d755cafbfe8c9cba1d27635848cd49dbc6abffd398d2751db1231bf"
url = "https://github.com/apple/pkl/releases/download/0.31.1/pkl-linux-amd64"

[tools.pkl."platforms.linux-x64-musl"]
checksum = "sha256:618f13955d755cafbfe8c9cba1d27635848cd49dbc6abffd398d2751db1231bf"
url = "https://github.com/apple/pkl/releases/download/0.31.1/pkl-linux-amd64"

[tools.pkl."platforms.macos-arm64"]
checksum = "sha256:1b6a5438d9624cd2798a7530721bbbfa27ef72efe5c878a1b6c546c6e7ca0e8f"
url = "https://github.com/apple/pkl/releases/download/0.31.1/pkl-macos-aarch64"

[tools.pkl."platforms.macos-x64"]
checksum = "sha256:22123ed4ae4c03afa8c54c69f77f0bec39b0fa0f67b09d6d148e0a376a2a471d"
url = "https://github.com/apple/pkl/releases/download/0.31.1/pkl-macos-amd64"

[tools.pkl."platforms.windows-x64"]
checksum = "sha256:a8834481667325b44c539dbb758d7365a16389070f343c04b639bbe525ede013"
url = "https://github.com/apple/pkl/releases/download/0.31.1/pkl-windows-amd64.exe"

[[tools.python]]
version = "3.14.4"
backend = "core:python"

[tools.python."platforms.linux-arm64"]
checksum = "sha256:b8b597fdb2f8dccdc502c11947b60a4b65eb6bce79cfa60c7ccf9b6e8352c60a"
url = "https://github.com/astral-sh/python-build-standalone/releases/download/20260414/cpython-3.14.4+20260414-aarch64-unknown-linux-gnu-install_only_stripped.tar.gz"
provenance = "github-attestations"

[tools.python."platforms.linux-arm64-musl"]
checksum = "sha256:b8b597fdb2f8dccdc502c11947b60a4b65eb6bce79cfa60c7ccf9b6e8352c60a"
url = "https://github.com/astral-sh/python-build-standalone/releases/download/20260414/cpython-3.14.4+20260414-aarch64-unknown-linux-gnu-install_only_stripped.tar.gz"
provenance = "github-attestations"

[tools.python."platforms.linux-x64"]
checksum = "sha256:fe9a9c32d13870af632cbac3dfc7528ae53597e94472aa4c7d6a42e8166136cd"
url = "https://github.com/astral-sh/python-build-standalone/releases/download/20260414/cpython-3.14.4+20260414-x86_64-unknown-linux-gnu-install_only_stripped.tar.gz"
provenance = "github-attestations"

[tools.python."platforms.linux-x64-musl"]
checksum = "sha256:fe9a9c32d13870af632cbac3dfc7528ae53597e94472aa4c7d6a42e8166136cd"
url = "https://github.com/astral-sh/python-build-standalone/releases/download/20260414/cpython-3.14.4+20260414-x86_64-unknown-linux-gnu-install_only_stripped.tar.gz"
provenance = "github-attestations"

[tools.python."platforms.macos-arm64"]
checksum = "sha256:6f304f4ec30854611f23316578302235fb517cd970519ecdd11a8c4db87fd843"
url = "https://github.com/astral-sh/python-build-standalone/releases/download/20260414/cpython-3.14.4+20260414-aarch64-apple-darwin-install_only_stripped.tar.gz"
provenance = "github-attestations"

[tools.python."platforms.macos-x64"]
checksum = "sha256:d51250a32fa5d9f0799c7bcb71720c27b10a3afd4a7de288120f96085d508a5a"
url = "https://github.com/astral-sh/python-build-standalone/releases/download/20260414/cpython-3.14.4+20260414-x86_64-apple-darwin-install_only_stripped.tar.gz"
provenance = "github-attestations"

[tools.python."platforms.windows-x64"]
checksum = "sha256:a976991dcd085c1bb5d9a8084823a6bc8b7f9b079d8c432574a6ddd68c3a6fe1"
url = "https://github.com/astral-sh/python-build-standalone/releases/download/20260414/cpython-3.14.4+20260414-x86_64-pc-windows-msvc-install_only_stripped.tar.gz"
provenance = "github-attestations"

[[tools.ruff]]
version = "0.15.11"
backend = "aqua:astral-sh/ruff"

[tools.ruff."platforms.linux-arm64"]
checksum = "sha256:4d196496a51d4bbefc4a2a65049364c920b470afd320befa20516e59d1c065e2"
url = "https://github.com/astral-sh/ruff/releases/download/0.15.11/ruff-aarch64-unknown-linux-musl.tar.gz"
provenance = "github-attestations"

[tools.ruff."platforms.linux-arm64-musl"]
checksum = "sha256:4d196496a51d4bbefc4a2a65049364c920b470afd320befa20516e59d1c065e2"
url = "https://github.com/astral-sh/ruff/releases/download/0.15.11/ruff-aarch64-unknown-linux-musl.tar.gz"
provenance = "github-attestations"

[tools.ruff."platforms.linux-x64"]
checksum = "sha256:ea286f17b66054a3aac2672158b9ac194030d89043ff108357edd9b20123219a"
url = "https://github.com/astral-sh/ruff/releases/download/0.15.11/ruff-x86_64-unknown-linux-musl.tar.gz"
provenance = "github-attestations"

[tools.ruff."platforms.linux-x64-musl"]
checksum = "sha256:ea286f17b66054a3aac2672158b9ac194030d89043ff108357edd9b20123219a"
url = "https://github.com/astral-sh/ruff/releases/download/0.15.11/ruff-x86_64-unknown-linux-musl.tar.gz"
provenance = "github-attestations"

[tools.ruff."platforms.macos-arm64"]
checksum = "sha256:89cd4370b5c5d7ab01f436bd5d878293c9858e4e964a3da3013c49549198dc8b"
url = "https://github.com/astral-sh/ruff/releases/download/0.15.11/ruff-aarch64-apple-darwin.tar.gz"
provenance = "github-attestations"

[tools.ruff."platforms.macos-x64"]
checksum = "sha256:c6f2c36fc5f3d14ffc2db1e205aa69756de485771f39848afe848c16b8a1a648"
url = "https://github.com/astral-sh/ruff/releases/download/0.15.11/ruff-x86_64-apple-darwin.tar.gz"
provenance = "github-attestations"

[tools.ruff."platforms.windows-x64"]
checksum = "sha256:d1f76eac07c279aafc594d9ba4c6f658f7cb433002aeeadbe2959229fc368881"
url = "https://github.com/astral-sh/ruff/releases/download/0.15.11/ruff-x86_64-pc-windows-msvc.zip"
provenance = "github-attestations"

[[tools.uv]]
version = "0.11.7"
backend = "aqua:astral-sh/uv"

[tools.uv."platforms.linux-arm64"]
checksum = "sha256:46647dc16cbb7d6700f762fdd7a67d220abe18570914732bc310adc91308d272"
url = "https://github.com/astral-sh/uv/releases/download/0.11.7/uv-aarch64-unknown-linux-musl.tar.gz"
provenance = "github-attestations"

[tools.uv."platforms.linux-arm64-musl"]
checksum = "sha256:46647dc16cbb7d6700f762fdd7a67d220abe18570914732bc310adc91308d272"
url = "https://github.com/astral-sh/uv/releases/download/0.11.7/uv-aarch64-unknown-linux-musl.tar.gz"
provenance = "github-attestations"

[tools.uv."platforms.linux-x64"]
checksum = "sha256:64ddb5f1087649e3f75aa50d139aa4f36ddde728a5295a141e0fa9697bfb7b0f"
url = "https://github.com/astral-sh/uv/releases/download/0.11.7/uv-x86_64-unknown-linux-musl.tar.gz"
provenance = "github-attestations"

[tools.uv."platforms.linux-x64-musl"]
checksum = "sha256:64ddb5f1087649e3f75aa50d139aa4f36ddde728a5295a141e0fa9697bfb7b0f"
url = "https://github.com/astral-sh/uv/releases/download/0.11.7/uv-x86_64-unknown-linux-musl.tar.gz"
provenance = "github-attestations"

[tools.uv."platforms.macos-arm64"]
checksum = "sha256:66e37d91f839e12481d7b932a1eccbfe732560f42c1cfb89faddfa2454534ba8"
url = "https://github.com/astral-sh/uv/releases/download/0.11.7/uv-aarch64-apple-darwin.tar.gz"
provenance = "github-attestations"

[tools.uv."platforms.macos-x64"]
checksum = "sha256:0a4bc8fcde4974ea3560be21772aeecab600a6f43fa6e58169f9fa7b3b71d302"
url = "https://github.com/astral-sh/uv/releases/download/0.11.7/uv-x86_64-apple-darwin.tar.gz"
provenance = "github-attestations"

[tools.uv."platforms.windows-x64"]
checksum = "sha256:fe0c7815acf4fc45f8a5eff58ed3cf7ae2e15c3cf1dceadbd10c816ec1690cc1"
url = "https://github.com/astral-sh/uv/releases/download/0.11.7/uv-x86_64-pc-windows-msvc.zip"
provenance = "github-attestations"
